
Microsoft Visual Studio Solution File, Format Version 12.00
# Visual Studio Version 17
VisualStudioVersion = 17.5.002.0
MinimumVisualStudioVersion = 10.0.40219.1
Project("{9A19103F-16F7-4668-BE54-9A1E7A4F7556}") = "MovieReviewApi", "MovieReviewApi.csproj", "{EE1C12AB-AA30-4E72-BD14-29D2F20E3B75}"
EndProject
Project("{FAE04EC0-301F-11D3-BF4B-00C04F79EFBC}") = "Tests", "Tests\Tests.csproj", "{55B38876-107A-4128-A84A-93708A7D9892}"
EndProject
Global
	GlobalSection(SolutionConfigurationPlatforms) = preSolution
		Debug|Any CPU = Debug|Any CPU
		Release|Any CPU = Release|Any CPU
	EndGlobalSection
	GlobalSection(ProjectConfigurationPlatforms) = postSolution
		{EE1C12AB-AA30-4E72-BD14-29D2F20E3B75}.Debug|Any CPU.ActiveCfg = Debug|Any CPU
		{EE1C12AB-AA30-4E72-BD14-29D2F20E3B75}.Debug|Any CPU.Build.0 = Debug|Any CPU
		{EE1C12AB-AA30-4E72-BD14-29D2F20E3B75}.Release|Any CPU.ActiveCfg = Release|Any CPU
		{EE1C12AB-AA30-4E72-BD14-29D2F20E3B75}.Release|Any CPU.Build.0 = Release|Any CPU
		{55B38876-107A-4128-A84A-93708A7D9892}.Debug|Any CPU.ActiveCfg = Debug|Any CPU
		{55B38876-107A-4128-A84A-93708A7D9892}.Debug|Any CPU.Build.0 = Debug|Any CPU
		{55B38876-107A-4128-A84A-93708A7D9892}.Release|Any CPU.ActiveCfg = Release|Any CPU
		{55B38876-107A-4128-A84A-93708A7D9892}.Release|Any CPU.Build.0 = Release|Any CPU
	EndGlobalSection
	GlobalSection(SolutionProperties) = preSolution
		HideSolutionNode = FALSE
	EndGlobalSection
	GlobalSection(ExtensibilityGlobals) = postSolution
		SolutionGuid = {C8B684DB-4FFD-4E68-9ABE-1387D4BF257E}
	EndGlobalSection
EndGlobal
